// !$*UTF8*$!
{
	archiveVersion = 1;
	classes = {
	};
	objectVersion = 56;
	objects = {

/* Begin PBXBuildFile section */
		8D0BDAFC2C57D5E7007DDDF2 /* AppDelegate.swift in Sources */ = {isa = PBXBuildFile; fileRef = 8D0BDAFB2C57D5E7007DDDF2 /* AppDelegate.swift */; };
		8D0BDAFE2C57D5E7007DDDF2 /* SceneDelegate.swift in Sources */ = {isa = PBXBuildFile; fileRef = 8D0BDAFD2C57D5E7007DDDF2 /* SceneDelegate.swift */; };
		8D0BDB002C57D5E7007DDDF2 /* ViewController.swift in Sources */ = {isa = PBXBuildFile; fileRef = 8D0BDAFF2C57D5E7007DDDF2 /* ViewController.swift */; };
		8D0BDB032C57D5E7007DDDF2 /* Base in Resources */ = {isa = PBXBuildFile; fileRef = 8D0BDB022C57D5E7007DDDF2 /* Base */; };
		8D0BDB052C57D5E8007DDDF2 /* Assets.xcassets in Resources */ = {isa = PBXBuildFile; fileRef = 8D0BDB042C57D5E8007DDDF2 /* Assets.xcassets */; };
		8D0BDB082C57D5E8007DDDF2 /* Base in Resources */ = {isa = PBXBuildFile; fileRef = 8D0BDB072C57D5E8007DDDF2 /* Base */; };
		8D0BDB162C57D643007DDDF2 /* TallrUITests.swift in Sources */ = {isa = PBXBuildFile; fileRef = 8D0BDB152C57D643007DDDF2 /* TallrUITests.swift */; };
		8D0BDB182C57D643007DDDF2 /* TallrUITestsLaunchTests.swift in Sources */ = {isa = PBXBuildFile; fileRef = 8D0BDB172C57D643007DDDF2 /* TallrUITestsLaunchTests.swift */; };
/* End PBXBuildFile section */

/* Begin PBXContainerItemProxy section */
		8D0BDB192C57D643007DDDF2 /* PBXContainerItemProxy */ = {
			isa = PBXContainerItemProxy;
			containerPortal = 8D0BDAF02C57D5E7007DDDF2 /* Project object */;
			proxyType = 1;
			remoteGlobalIDString = 8D0BDAF72C57D5E7007DDDF2;
			remoteInfo = Tallr;
		};
/* End PBXContainerItemProxy section */

/* Begin PBXFileReference section */
		8D0BDAF82C57D5E7007DDDF2 /* Tallr.app */ = {isa = PBXFileReference; explicitFileType = wrapper.application; includeInIndex = 0; path = Tallr.app; sourceTree = BUILT_PRODUCTS_DIR; };
		8D0BDAFB2C57D5E7007DDDF2 /* AppDelegate.swift */ = {isa = PBXFileReference; lastKnownFileType = sourcecode.swift; path = AppDelegate.swift; sourceTree = "<group>"; };
		8D0BDAFD2C57D5E7007DDDF2 /* SceneDelegate.swift */ = {isa = PBXFileReference; lastKnownFileType = sourcecode.swift; path = SceneDelegate.swift; sourceTree = "<group>"; };
		8D0BDAFF2C57D5E7007DDDF2 /* ViewController.swift */ = {isa = PBXFileReference; lastKnownFileType = sourcecode.swift; path = ViewController.swift; sourceTree = "<group>"; };
		8D0BDB022C57D5E7007DDDF2 /* Base */ = {isa = PBXFileReference; lastKnownFileType = file.storyboard; name = Base; path = Base.lproj/Main.storyboard; sourceTree = "<group>"; };
		8D0BDB042C57D5E8007DDDF2 /* Assets.xcassets */ = {isa = PBXFileReference; lastKnownFileType = folder.assetcatalog; path = Assets.xcassets; sourceTree = "<group>"; };
		8D0BDB072C57D5E8007DDDF2 /* Base */ = {isa = PBXFileReference; lastKnownFileType = file.storyboard; name = Base; path = Base.lproj/LaunchScreen.storyboard; sourceTree = "<group>"; };
		8D0BDB092C57D5E8007DDDF2 /* Info.plist */ = {isa = PBXFileReference; lastKnownFileType = text.plist.xml; path = Info.plist; sourceTree = "<group>"; };
		8D0BDB132C57D643007DDDF2 /* TallrUITests.xctest */ = {isa = PBXFileReference; explicitFileType = wrapper.cfbundle; includeInIndex = 0; path = TallrUITests.xctest; sourceTree = BUILT_PRODUCTS_DIR; };
		8D0BDB152C57D643007DDDF2 /* TallrUITests.swift */ = {isa = PBXFileReference; lastKnownFileType = sourcecode.swift; path = TallrUITests.swift; sourceTree = "<group>"; };
		8D0BDB172C57D643007DDDF2 /* TallrUITestsLaunchTests.swift */ = {isa = PBXFileReference; lastKnownFileType = sourcecode.swift; path = TallrUITestsLaunchTests.swift; sourceTree = "<group>"; };
/* End PBXFileReference section */

/* Begin PBXFrameworksBuildPhase section */
		8D0BDAF52C57D5E7007DDDF2 /* Frameworks */ = {
			isa = PBXFrameworksBuildPhase;
			buildActionMask = 2147483647;
			files = (
			);
			runOnlyForDeploymentPostprocessing = 0;
		};
		8D0BDB102C57D643007DDDF2 /* Frameworks */ = {
			isa = PBXFrameworksBuildPhase;
			buildActionMask = 2147483647;
			files = (
			);
			runOnlyForDeploymentPostprocessing = 0;
		};
/* End PBXFrameworksBuildPhase section */

/* Begin PBXGroup section */
		8D0BDAEF2C57D5E7007DDDF2 = {
			isa = PBXGroup;
			children = (
				8D0BDAFA2C57D5E7007DDDF2 /* Tallr */,
				8D0BDB142C57D643007DDDF2 /* TallrUITests */,
				8D0BDAF92C57D5E7007DDDF2 /* Products */,
			);
			sourceTree = "<group>";
		};
		8D0BDAF92C57D5E7007DDDF2 /* Products */ = {
			isa = PBXGroup;
			children = (
				8D0BDAF82C57D5E7007DDDF2 /* Tallr.app */,
				8D0BDB132C57D643007DDDF2 /* TallrUITests.xctest */,
			);
			name = Products;
			sourceTree = "<group>";
		};
		8D0BDAFA2C57D5E7007DDDF2 /* Tallr */ = {
			isa = PBXGroup;
			children = (
				8D0BDAFB2C57D5E7007DDDF2 /* AppDelegate.swift */,
				8D0BDAFD2C57D5E7007DDDF2 /* SceneDelegate.swift */,
				8D0BDAFF2C57D5E7007DDDF2 /* ViewController.swift */,
				8D0BDB012C57D5E7007DDDF2 /* Main.storyboard */,
				8D0BDB042C57D5E8007DDDF2 /* Assets.xcassets */,
				8D0BDB062C57D5E8007DDDF2 /* LaunchScreen.storyboard */,
				8D0BDB092C57D5E8007DDDF2 /* Info.plist */,
			);
			path = Tallr;
			sourceTree = "<group>";
		};
		8D0BDB142C57D643007DDDF2 /* TallrUITests */ = {
			isa = PBXGroup;
			children = (
				8D0BDB152C57D643007DDDF2 /* TallrUITests.swift */,
				8D0BDB172C57D643007DDDF2 /* TallrUITestsLaunchTests.swift */,
			);
			path = TallrUITests;
			sourceTree = "<group>";
		};
/* End PBXGroup section */

/* Begin PBXNativeTarget section */
		8D0BDAF72C57D5E7007DDDF2 /* Tallr */ = {
			isa = PBXNativeTarget;
			buildConfigurationList = 8D0BDB0C2C57D5E8007DDDF2 /* Build configuration list for PBXNativeTarget "Tallr" */;
			buildPhases = (
				8D0BDAF42C57D5E7007DDDF2 /* Sources */,
				8D0BDAF52C57D5E7007DDDF2 /* Frameworks */,
				8D0BDAF62C57D5E7007DDDF2 /* Resources */,
			);
			buildRules = (
			);
			dependencies = (
			);
			name = Tallr;
			productName = Tallr;
			productReference = 8D0BDAF82C57D5E7007DDDF2 /* Tallr.app */;
			productType = "com.apple.product-type.application";
		};
		8D0BDB122C57D643007DDDF2 /* TallrUITests */ = {
			isa = PBXNativeTarget;
			buildConfigurationList = 8D0BDB1B2C57D643007DDDF2 /* Build configuration list for PBXNativeTarget "TallrUITests" */;
			buildPhases = (
				8D0BDB0F2C57D643007DDDF2 /* Sources */,
				8D0BDB102C57D643007DDDF2 /* Frameworks */,
				8D0BDB112C57D643007DDDF2 /* Resources */,
			);
			buildRules = (
			);
			dependencies = (
				8D0BDB1A2C57D643007DDDF2 /* PBXTargetDependency */,
			);
			name = TallrUITests;
			productName = TallrUITests;
			productReference = 8D0BDB132C57D643007DDDF2 /* TallrUITests.xctest */;
			productType = "com.apple.product-type.bundle.ui-testing";
		};
/* End PBXNativeTarget section */

/* Begin PBXProject section */
		8D0BDAF02C57D5E7007DDDF2 /* Project object */ = {
			isa = PBXProject;
			attributes = {
				BuildIndependentTargetsInParallel = 1;
				LastSwiftUpdateCheck = 1530;
				LastUpgradeCheck = 1530;
				TargetAttributes = {
					8D0BDAF72C57D5E7007DDDF2 = {
						CreatedOnToolsVersion = 15.3;
					};
					8D0BDB122C57D643007DDDF2 = {
						CreatedOnToolsVersion = 15.3;
						TestTargetID = 8D0BDAF72C57D5E7007DDDF2;
					};
				};
			};
			buildConfigurationList = 8D0BDAF32C57D5E7007DDDF2 /* Build configuration list for PBXProject "Tallr" */;
			compatibilityVersion = "Xcode 14.0";
			developmentRegion = en;
			hasScannedForEncodings = 0;
			knownRegions = (
				en,
				Base,
			);
			mainGroup = 8D0BDAEF2C57D5E7007DDDF2;
			productRefGroup = 8D0BDAF92C57D5E7007DDDF2 /* Products */;
			projectDirPath = "";
			projectRoot = "";
			targets = (
				8D0BDAF72C57D5E7007DDDF2 /* Tallr */,
				8D0BDB122C57D643007DDDF2 /* TallrUITests */,
			);
		};
/* End PBXProject section */

/* Begin PBXResourcesBuildPhase section */
		8D0BDAF62C57D5E7007DDDF2 /* Resources */ = {
			isa = PBXResourcesBuildPhase;
			buildActionMask = 2147483647;
			files = (
				8D0BDB052C57D5E8007DDDF2 /* Assets.xcassets in Resources */,
				8D0BDB082C57D5E8007DDDF2 /* Base in Resources */,
				8D0BDB032C57D5E7007DDDF2 /* Base in Resources */,
			);
			runOnlyForDeploymentPostprocessing = 0;
		};
		8D0BDB112C57D643007DDDF2 /* Resources */ = {
			isa = PBXResourcesBuildPhase;
			buildActionMask = 2147483647;
			files = (
			);
			runOnlyForDeploymentPostprocessing = 0;
		};
/* End PBXResourcesBuildPhase section */

/* Begin PBXSourcesBuildPhase section */
		8D0BDAF42C57D5E7007DDDF2 /* Sources */ = {
			isa = PBXSourcesBuildPhase;
			buildActionMask = 2147483647;
			files = (
				8D0BDB002C57D5E7007DDDF2 /* ViewController.swift in Sources */,
				8D0BDAFC2C57D5E7007DDDF2 /* AppDelegate.swift in Sources */,
				8D0BDAFE2C57D5E7007DDDF2 /* SceneDelegate.swift in Sources */,
			);
			runOnlyForDeploymentPostprocessing = 0;
		};
		8D0BDB0F2C57D643007DDDF2 /* Sources */ = {
			isa = PBXSourcesBuildPhase;
			buildActionMask = 2147483647;
			files = (
				8D0BDB182C57D643007DDDF2 /* TallrUITestsLaunchTests.swift in Sources */,
				8D0BDB162C57D643007DDDF2 /* TallrUITests.swift in Sources */,
			);
			runOnlyForDeploymentPostprocessing = 0;
		};
/* End PBXSourcesBuildPhase section */

/* Begin PBXTargetDependency section */
		8D0BDB1A2C57D643007DDDF2 /* PBXTargetDependency */ = {
			isa = PBXTargetDependency;
			target = 8D0BDAF72C57D5E7007DDDF2 /* Tallr */;
			targetProxy = 8D0BDB192C57D643007DDDF2 /* PBXContainerItemProxy */;
		};
/* End PBXTargetDependency section */

/* Begin PBXVariantGroup section */
		8D0BDB012C57D5E7007DDDF2 /* Main.storyboard */ = {
			isa = PBXVariantGroup;
			children = (
				8D0BDB022C57D5E7007DDDF2 /* Base */,
			);
			name = Main.storyboard;
			sourceTree = "<group>";
		};
		8D0BDB062C57D5E8007DDDF2 /* LaunchScreen.storyboard */ = {
			isa = PBXVariantGroup;
			children = (
				8D0BDB072C57D5E8007DDDF2 /* Base */,
			);
			name = LaunchScreen.storyboard;
			sourceTree = "<group>";
		};
/* End PBXVariantGroup section */

/* Begin XCBuildConfiguration section */
		8D0BDB0A2C57D5E8007DDDF2 /* Debug */ = {
			isa = XCBuildConfiguration;
			buildSettings = {
				ALWAYS_SEARCH_USER_PATHS = NO;
				ASSETCATALOG_COMPILER_GENERATE_SWIFT_ASSET_SYMBOL_EXTENSIONS = YES;
				CLANG_ANALYZER_NONNULL = YES;
				CLANG_ANALYZER_NUMBER_OBJECT_CONVERSION = YES_AGGRESSIVE;
				CLANG_CXX_LANGUAGE_STANDARD = "gnu++20";
				CLANG_ENABLE_MODULES = YES;
				CLANG_ENABLE_OBJC_ARC = YES;
				CLANG_ENABLE_OBJC_WEAK = YES;
				CLANG_WARN_BLOCK_CAPTURE_AUTORELEASING = YES;
				CLANG_WARN_BOOL_CONVERSION = YES;
				CLANG_WARN_COMMA = YES;
				CLANG_WARN_CONSTANT_CONVERSION = YES;
				CLANG_WARN_DEPRECATED_OBJC_IMPLEMENTATIONS = YES;
				CLANG_WARN_DIRECT_OBJC_ISA_USAGE = YES_ERROR;
				CLANG_WARN_DOCUMENTATION_COMMENTS = YES;
				CLANG_WARN_EMPTY_BODY = YES;
				CLANG_WARN_ENUM_CONVERSION = YES;
				CLANG_WARN_INFINITE_RECURSION = YES;
				CLANG_WARN_INT_CONVERSION = YES;
				CLANG_WARN_NON_LITERAL_NULL_CONVERSION = YES;
				CLANG_WARN_OBJC_IMPLICIT_RETAIN_SELF = YES;
				CLANG_WARN_OBJC_LITERAL_CONVERSION = YES;
				CLANG_WARN_OBJC_ROOT_CLASS = YES_ERROR;
				CLANG_WARN_QUOTED_INCLUDE_IN_FRAMEWORK_HEADER = YES;
				CLANG_WARN_RANGE_LOOP_ANALYSIS = YES;
				CLANG_WARN_STRICT_PROTOTYPES = YES;
				CLANG_WARN_SUSPICIOUS_MOVE = YES;
				CLANG_WARN_UNGUARDED_AVAILABILITY = YES_AGGRESSIVE;
				CLANG_WARN_UNREACHABLE_CODE = YES;
				CLANG_WARN__DUPLICATE_METHOD_MATCH = YES;
				COPY_PHASE_STRIP = NO;
				DEBUG_INFORMATION_FORMAT = dwarf;
				ENABLE_STRICT_OBJC_MSGSEND = YES;
				ENABLE_TESTABILITY = YES;
				ENABLE_USER_SCRIPT_SANDBOXING = YES;
				GCC_C_LANGUAGE_STANDARD = gnu17;
				GCC_DYNAMIC_NO_PIC = NO;
				GCC_NO_COMMON_BLOCKS = YES;
				GCC_OPTIMIZATION_LEVEL = 0;
				GCC_PREPROCESSOR_DEFINITIONS = (
					"DEBUG=1",
					"$(inherited)",
				);
				GCC_WARN_64_TO_32_BIT_CONVERSION = YES;
				GCC_WARN_ABOUT_RETURN_TYPE = YES_ERROR;
				GCC_WARN_UNDECLARED_SELECTOR = YES;
				GCC_WARN_UNINITIALIZED_AUTOS = YES_AGGRESSIVE;
				GCC_WARN_UNUSED_FUNCTION = YES;
				GCC_WARN_UNUSED_VARIABLE = YES;
				IPHONEOS_DEPLOYMENT_TARGET = 17.4;
				LOCALIZATION_PREFERS_STRING_CATALOGS = YES;
				MTL_ENABLE_DEBUG_INFO = INCLUDE_SOURCE;
				MTL_FAST_MATH = YES;
				ONLY_ACTIVE_ARCH = YES;
				SDKROOT = iphoneos;
				SWIFT_ACTIVE_COMPILATION_CONDITIONS = "DEBUG $(inherited)";
				SWIFT_OPTIMIZATION_LEVEL = "-Onone";
			};
			name = Debug;
		};
		8D0BDB0B2C57D5E8007DDDF2 /* Release */ = {
			isa = XCBuildConfiguration;
			buildSettings = {
				ALWAYS_SEARCH_USER_PATHS = NO;
				ASSETCATALOG_COMPILER_GENERATE_SWIFT_ASSET_SYMBOL_EXTENSIONS = YES;
				CLANG_ANALYZER_NONNULL = YES;
				CLANG_ANALYZER_NUMBER_OBJECT_CONVERSION = YES_AGGRESSIVE;
				CLANG_CXX_LANGUAGE_STANDARD = "gnu++20";
				CLANG_ENABLE_MODULES = YES;
				CLANG_ENABLE_OBJC_ARC = YES;
				CLANG_ENABLE_OBJC_WEAK = YES;
				CLANG_WARN_BLOCK_CAPTURE_AUTORELEASING = YES;
				CLANG_WARN_BOOL_CONVERSION = YES;
				CLANG_WARN_COMMA = YES;
				CLANG_WARN_CONSTANT_CONVERSION = YES;
				CLANG_WARN_DEPRECATED_OBJC_IMPLEMENTATIONS = YES;
				CLANG_WARN_DIRECT_OBJC_ISA_USAGE = YES_ERROR;
				CLANG_WARN_DOCUMENTATION_COMMENTS = YES;
				CLANG_WARN_EMPTY_BODY = YES;
				CLANG_WARN_ENUM_CONVERSION = YES;
				CLANG_WARN_INFINITE_RECURSION = YES;
				CLANG_WARN_INT_CONVERSION = YES;
				CLANG_WARN_NON_LITERAL_NULL_CONVERSION = YES;
				CLANG_WARN_OBJC_IMPLICIT_RETAIN_SELF = YES;
				CLANG_WARN_OBJC_LITERAL_CONVERSION = YES;
				CLANG_WARN_OBJC_ROOT_CLASS = YES_ERROR;
				CLANG_WARN_QUOTED_INCLUDE_IN_FRAMEWORK_HEADER = YES;
				CLANG_WARN_RANGE_LOOP_ANALYSIS = YES;
				CLANG_WARN_STRICT_PROTOTYPES = YES;
				CLANG_WARN_SUSPICIOUS_MOVE = YES;
				CLANG_WARN_UNGUARDED_AVAILABILITY = YES_AGGRESSIVE;
				CLANG_WARN_UNREACHABLE_CODE = YES;
				CLANG_WARN__DUPLICATE_METHOD_MATCH = YES;
				COPY_PHASE_STRIP = NO;
				DEBUG_INFORMATION_FORMAT = "dwarf-with-dsym";
				ENABLE_NS_ASSERTIONS = NO;
				ENABLE_STRICT_OBJC_MSGSEND = YES;
				ENABLE_USER_SCRIPT_SANDBOXING = YES;
				GCC_C_LANGUAGE_STANDARD = gnu17;
				GCC_NO_COMMON_BLOCKS = YES;
				GCC_WARN_64_TO_32_BIT_CONVERSION = YES;
				GCC_WARN_ABOUT_RETURN_TYPE = YES_ERROR;
				GCC_WARN_UNDECLARED_SELECTOR = YES;
				GCC_WARN_UNINITIALIZED_AUTOS = YES_AGGRESSIVE;
				GCC_WARN_UNUSED_FUNCTION = YES;
				GCC_WARN_UNUSED_VARIABLE = YES;
				IPHONEOS_DEPLOYMENT_TARGET = 17.4;
				LOCALIZATION_PREFERS_STRING_CATALOGS = YES;
				MTL_ENABLE_DEBUG_INFO = NO;
				MTL_FAST_MATH = YES;
				SDKROOT = iphoneos;
				SWIFT_COMPILATION_MODE = wholemodule;
				VALIDATE_PRODUCT = YES;
			};
			name = Release;
		};
		8D0BDB0D2C57D5E8007DDDF2 /* Debug */ = {
			isa = XCBuildConfiguration;
			buildSettings = {
				ASSETCATALOG_COMPILER_APPICON_NAME = AppIcon;
				ASSETCATALOG_COMPILER_GLOBAL_ACCENT_COLOR_NAME = AccentColor;
				CODE_SIGN_STYLE = Automatic;
				CURRENT_PROJECT_VERSION = 1;
				DEVELOPMENT_TEAM = DBXG43H87V;
				GENERATE_INFOPLIST_FILE = YES;
				INFOPLIST_FILE = Tallr/Info.plist;
				INFOPLIST_KEY_UIApplicationSupportsIndirectInputEvents = YES;
				INFOPLIST_KEY_UILaunchStoryboardName = LaunchScreen;
				INFOPLIST_KEY_UIMainStoryboardFile = Main;
				INFOPLIST_KEY_UISupportedInterfaceOrientations_iPad = "UIInterfaceOrientationPortrait UIInterfaceOrientationPortraitUpsideDown UIInterfaceOrientationLandscapeLeft UIInterfaceOrientationLandscapeRight";
				INFOPLIST_KEY_UISupportedInterfaceOrientations_iPhone = "UIInterfaceOrientationPortrait UIInterfaceOrientationLandscapeLeft UIInterfaceOrientationLandscapeRight";
				LD_RUNPATH_SEARCH_PATHS = (
					"$(inherited)",
					"@executable_path/Frameworks",
				);
				MARKETING_VERSION = 1.0;
				PRODUCT_BUNDLE_IDENTIFIER = com.fborges.Tallr;
				PRODUCT_NAME = "$(TARGET_NAME)";
				SWIFT_EMIT_LOC_STRINGS = YES;
				SWIFT_VERSION = 5.0;
				TARGETED_DEVICE_FAMILY = "1,2";
			};
			name = Debug;
		};
		8D0BDB0E2C57D5E8007DDDF2 /* Release */ = {
			isa = XCBuildConfiguration;
			buildSettings = {
				ASSETCATALOG_COMPILER_APPICON_NAME = AppIcon;
				ASSETCATALOG_COMPILER_GLOBAL_ACCENT_COLOR_NAME = AccentColor;
				CODE_SIGN_STYLE = Automatic;
				CURRENT_PROJECT_VERSION = 1;
				DEVELOPMENT_TEAM = DBXG43H87V;
				GENERATE_INFOPLIST_FILE = YES;
				INFOPLIST_FILE = Tallr/Info.plist;
				INFOPLIST_KEY_UIApplicationSupportsIndirectInputEvents = YES;
				INFOPLIST_KEY_UILaunchStoryboardName = LaunchScreen;
				INFOPLIST_KEY_UIMainStoryboardFile = Main;
				INFOPLIST_KEY_UISupportedInterfaceOrientations_iPad = "UIInterfaceOrientationPortrait UIInterfaceOrientationPortraitUpsideDown UIInterfaceOrientationLandscapeLeft UIInterfaceOrientationLandscapeRight";
				INFOPLIST_KEY_UISupportedInterfaceOrientations_iPhone = "UIInterfaceOrientationPortrait UIInterfaceOrientationLandscapeLeft UIInterfaceOrientationLandscapeRight";
				LD_RUNPATH_SEARCH_PATHS = (
					"$(inherited)",
					"@executable_path/Frameworks",
				);
				MARKETING_VERSION = 1.0;
				PRODUCT_BUNDLE_IDENTIFIER = com.fborges.Tallr;
				PRODUCT_NAME = "$(TARGET_NAME)";
				SWIFT_EMIT_LOC_STRINGS = YES;
				SWIFT_VERSION = 5.0;
				TARGETED_DEVICE_FAMILY = "1,2";
			};
			name = Release;
		};
		8D0BDB1C2C57D643007DDDF2 /* Debug */ = {
			isa = XCBuildConfiguration;
			buildSettings = {
				CODE_SIGN_STYLE = Automatic;
				CURRENT_PROJECT_VERSION = 1;
				DEVELOPMENT_TEAM = DBXG43H87V;
				GENERATE_INFOPLIST_FILE = YES;
				IPHONEOS_DEPLOYMENT_TARGET = 17.4;
				MACOSX_DEPLOYMENT_TARGET = 14.3;
				MARKETING_VERSION = 1.0;
				PRODUCT_BUNDLE_IDENTIFIER = com.fborges.TallrUITests;
				PRODUCT_NAME = "$(TARGET_NAME)";
				SDKROOT = auto;
				SUPPORTED_PLATFORMS = "iphoneos iphonesimulator macosx";
				SWIFT_EMIT_LOC_STRINGS = NO;
				SWIFT_VERSION = 5.0;
				TARGETED_DEVICE_FAMILY = "1,2";
				TEST_TARGET_NAME = Tallr;
			};
			name = Debug;
		};
		8D0BDB1D2C57D643007DDDF2 /* Release */ = {
			isa = XCBuildConfiguration;
			buildSettings = {
				CODE_SIGN_STYLE = Automatic;
				CURRENT_PROJECT_VERSION = 1;
				DEVELOPMENT_TEAM = DBXG43H87V;
				GENERATE_INFOPLIST_FILE = YES;
				IPHONEOS_DEPLOYMENT_TARGET = 17.4;
				MACOSX_DEPLOYMENT_TARGET = 14.3;
				MARKETING_VERSION = 1.0;
				PRODUCT_BUNDLE_IDENTIFIER = com.fborges.TallrUITests;
				PRODUCT_NAME = "$(TARGET_NAME)";
				SDKROOT = auto;
				SUPPORTED_PLATFORMS = "iphoneos iphonesimulator macosx";
				SWIFT_EMIT_LOC_STRINGS = NO;
				SWIFT_VERSION = 5.0;
				TARGETED_DEVICE_FAMILY = "1,2";
				TEST_TARGET_NAME = Tallr;
			};
			name = Release;
		};
/* End XCBuildConfiguration section */

/* Begin XCConfigurationList section */
		8D0BDAF32C57D5E7007DDDF2 /* Build configuration list for PBXProject "Tallr" */ = {
			isa = XCConfigurationList;
			buildConfigurations = (
				8D0BDB0A2C57D5E8007DDDF2 /* Debug */,
				8D0BDB0B2C57D5E8007DDDF2 /* Release */,
			);
			defaultConfigurationIsVisible = 0;
			defaultConfigurationName = Release;
		};
		8D0BDB0C2C57D5E8007DDDF2 /* Build configuration list for PBXNativeTarget "Tallr" */ = {
			isa = XCConfigurationList;
			buildConfigurations = (
				8D0BDB0D2C57D5E8007DDDF2 /* Debug */,
				8D0BDB0E2C57D5E8007DDDF2 /* Release */,
			);
			defaultConfigurationIsVisible = 0;
			defaultConfigurationName = Release;
		};
		8D0BDB1B2C57D643007DDDF2 /* Build configuration list for PBXNativeTarget "TallrUITests" */ = {
			isa = XCConfigurationList;
			buildConfigurations = (
				8D0BDB1C2C57D643007DDDF2 /* Debug */,
				8D0BDB1D2C57D643007DDDF2 /* Release */,
			);
			defaultConfigurationIsVisible = 0;
			defaultConfigurationName = Release;
		};
/* End XCConfigurationList section */
	};
	rootObject = 8D0BDAF02C57D5E7007DDDF2 /* Project object */;
}
